{
  "name": "@screeps/storage",
  "version": "4.0.0",
  "lockfileVersion": 1,
  "requires": true,
  "dependencies": {
    "bindings": {
      "version": "1.2.1",
      "resolved": "https://registry.npmjs.org/bindings/-/bindings-1.2.1.tgz",
      "integrity": "sha1-FK1hE4EtLTfXLme0ystLtyZQXxE=",
      "optional": true
    },
    "dnode": {
      "version": "1.2.2",
      "resolved": "https://registry.npmjs.org/dnode/-/dnode-1.2.2.tgz",
      "integrity": "sha1-SsPP4m4pKzs5uCWK59lO3FgTLvo=",
      "requires": {
        "dnode-protocol": "0.2.2",
        "jsonify": "0.0.0",
        "weak": "1.0.1"
      }
    },
    "dnode-protocol": {
      "version": "0.2.2",
      "resolved": "https://registry.npmjs.org/dnode-protocol/-/dnode-protocol-0.2.2.tgz",
      "integrity": "sha1-URUdFvw7X4SBXuC5SXoQYdDRlJ0=",
      "requires": {
        "jsonify": "0.0.0",
        "traverse": "0.6.6"
      }
    },
    "jsonify": {
      "version": "0.0.0",
      "resolved": "https://registry.npmjs.org/jsonify/-/jsonify-0.0.0.tgz",
      "integrity": "sha1-LHS27kHZPKUbe1qu6PUDYx0lKnM="
    },
    "lodash": {
      "version": "3.10.1",
      "resolved": "https://registry.npmjs.org/lodash/-/lodash-3.10.1.tgz",
      "integrity": "sha1-W/Rejkm6QYnhfUgnid/RW9FAt7Y="
    },
    "lokijs": {
      "version": "1.4.2",
      "resolved": "https://registry.npmjs.org/lokijs/-/lokijs-1.4.2.tgz",
      "integrity": "sha1-DxdjgPmTDRF5Rvx8Fcy0ygAd20o="
    },
    "nan": {
      "version": "2.4.0",
      "resolved": "https://registry.npmjs.org/nan/-/nan-2.4.0.tgz",
      "integrity": "sha1-+zxZ1F/k7/4hXwuJD4rfbrMtIjI=",
      "optional": true
    },
    "q": {
      "version": "1.4.1",
      "resolved": "https://registry.npmjs.org/q/-/q-1.4.1.tgz",
      "integrity": "sha1-VXBbzZPF82c1MMLCy8DCs63cKG4="
    },
    "traverse": {
      "version": "0.6.6",
      "resolved": "https://registry.npmjs.org/traverse/-/traverse-0.6.6.tgz",
      "integrity": "sha1-y99WD9e5r2MlAv7UD5GMFX6pcTc="
    },
    "weak": {
      "version": "1.0.1",
      "resolved": "https://registry.npmjs.org/weak/-/weak-1.0.1.tgz",
      "integrity": "sha1-q5mqswcGlZqgIAy4z1RbucszuZ4=",
      "optional": true,
      "requires": {
        "bindings": "1.2.1",
        "nan": "2.4.0"
      }
    }
  }
}
